
Microsoft Visual Studio Solution File, Format Version 12.00
# Visual Studio Version 17
VisualStudioVersion = 17.1.32228.430
MinimumVisualStudioVersion = 10.0.40219.1
Project("{FAE04EC0-301F-11D3-BF4B-00C04F79EFBC}") = "dotNet2", "dotNet2.csproj", "{060DB921-9D3B-4F92-AD3F-3A06DF17BFA5}"
EndProject
Global
	GlobalSection(SolutionConfigurationPlatforms) = preSolution
		Debug|Any CPU = Debug|Any CPU
		Release|Any CPU = Release|Any CPU
	EndGlobalSection
	GlobalSection(ProjectConfigurationPlatforms) = postSolution
		{060DB921-9D3B-4F92-AD3F-3A06DF17BFA5}.Debug|Any CPU.ActiveCfg = Debug|Any CPU
		{060DB921-9D3B-4F92-AD3F-3A06DF17BFA5}.Debug|Any CPU.Build.0 = Debug|Any CPU
		{060DB921-9D3B-4F92-AD3F-3A06DF17BFA5}.Release|Any CPU.ActiveCfg = Release|Any CPU
		{060DB921-9D3B-4F92-AD3F-3A06DF17BFA5}.Release|Any CPU.Build.0 = Release|Any CPU
	EndGlobalSection
	GlobalSection(SolutionProperties) = preSolution
		HideSolutionNode = FALSE
	EndGlobalSection
	GlobalSection(ExtensibilityGlobals) = postSolution
		SolutionGuid = {D9580A70-140F-4A4F-90BF-C71E77E36060}
	EndGlobalSection
EndGlobal
